// !$*UTF8*$!
{
	archiveVersion = 1;
	classes = {
	};
	objectVersion = 56;
	objects = {

/* Begin PBXBuildFile section */
		40E2D2E32C07695F00F9277A /* AppDelegate.swift in Sources */ = {isa = PBXBuildFile; fileRef = 40E2D2E22C07695F00F9277A /* AppDelegate.swift */; };
		40E2D2E52C07695F00F9277A /* SceneDelegate.swift in Sources */ = {isa = PBXBuildFile; fileRef = 40E2D2E42C07695F00F9277A /* SceneDelegate.swift */; };
		40E2D2E72C07695F00F9277A /* MainViewController.swift in Sources */ = {isa = PBXBuildFile; fileRef = 40E2D2E62C07695F00F9277A /* MainViewController.swift */; };
		40E2D2EA2C07695F00F9277A /* Base in Resources */ = {isa = PBXBuildFile; fileRef = 40E2D2E92C07695F00F9277A /* Base */; };
		40E2D2EC2C07696100F9277A /* Assets.xcassets in Resources */ = {isa = PBXBuildFile; fileRef = 40E2D2EB2C07696100F9277A /* Assets.xcassets */; };
		40E2D2EF2C07696100F9277A /* Base in Resources */ = {isa = PBXBuildFile; fileRef = 40E2D2EE2C07696100F9277A /* Base */; };
		40E2D2F82C0771C600F9277A /* GeoFencingViewController.swift in Sources */ = {isa = PBXBuildFile; fileRef = 40E2D2F72C0771C600F9277A /* GeoFencingViewController.swift */; };
		40E2D2FB2C077A8A00F9277A /* DwellTimeCalculator.swift in Sources */ = {isa = PBXBuildFile; fileRef = 40E2D2FA2C077A8A00F9277A /* DwellTimeCalculator.swift */; };
/* End PBXBuildFile section */

/* Begin PBXFileReference section */
		40E2D2DF2C07695F00F9277A /* geoFencingTask.app */ = {isa = PBXFileReference; explicitFileType = wrapper.application; includeInIndex = 0; path = geoFencingTask.app; sourceTree = BUILT_PRODUCTS_DIR; };
		40E2D2E22C07695F00F9277A /* AppDelegate.swift */ = {isa = PBXFileReference; lastKnownFileType = sourcecode.swift; path = AppDelegate.swift; sourceTree = "<group>"; };
		40E2D2E42C07695F00F9277A /* SceneDelegate.swift */ = {isa = PBXFileReference; lastKnownFileType = sourcecode.swift; path = SceneDelegate.swift; sourceTree = "<group>"; };
		40E2D2E62C07695F00F9277A /* MainViewController.swift */ = {isa = PBXFileReference; lastKnownFileType = sourcecode.swift; path = MainViewController.swift; sourceTree = "<group>"; };
		40E2D2E92C07695F00F9277A /* Base */ = {isa = PBXFileReference; lastKnownFileType = file.storyboard; name = Base; path = Base.lproj/Main.storyboard; sourceTree = "<group>"; };
		40E2D2EB2C07696100F9277A /* Assets.xcassets */ = {isa = PBXFileReference; lastKnownFileType = folder.assetcatalog; path = Assets.xcassets; sourceTree = "<group>"; };
		40E2D2EE2C07696100F9277A /* Base */ = {isa = PBXFileReference; lastKnownFileType = file.storyboard; name = Base; path = Base.lproj/LaunchScreen.storyboard; sourceTree = "<group>"; };
		40E2D2F02C07696100F9277A /* Info.plist */ = {isa = PBXFileReference; lastKnownFileType = text.plist.xml; path = Info.plist; sourceTree = "<group>"; };
		40E2D2F72C0771C600F9277A /* GeoFencingViewController.swift */ = {isa = PBXFileReference; lastKnownFileType = sourcecode.swift; path = GeoFencingViewController.swift; sourceTree = "<group>"; };
		40E2D2FA2C077A8A00F9277A /* DwellTimeCalculator.swift */ = {isa = PBXFileReference; lastKnownFileType = sourcecode.swift; path = DwellTimeCalculator.swift; sourceTree = "<group>"; };
/* End PBXFileReference section */

/* Begin PBXFrameworksBuildPhase section */
		40E2D2DC2C07695F00F9277A /* Frameworks */ = {
			isa = PBXFrameworksBuildPhase;
			buildActionMask = 2147483647;
			files = (
			);
			runOnlyForDeploymentPostprocessing = 0;
		};
/* End PBXFrameworksBuildPhase section */

/* Begin PBXGroup section */
		40E2D2D62C07695F00F9277A = {
			isa = PBXGroup;
			children = (
				40E2D2E12C07695F00F9277A /* geoFencingTask */,
				40E2D2E02C07695F00F9277A /* Products */,
			);
			sourceTree = "<group>";
		};
		40E2D2E02C07695F00F9277A /* Products */ = {
			isa = PBXGroup;
			children = (
				40E2D2DF2C07695F00F9277A /* geoFencingTask.app */,
			);
			name = Products;
			sourceTree = "<group>";
		};
		40E2D2E12C07695F00F9277A /* geoFencingTask */ = {
			isa = PBXGroup;
			children = (
				40E2D2F92C077A8300F9277A /* Helper */,
				40E2D2E22C07695F00F9277A /* AppDelegate.swift */,
				40E2D2E42C07695F00F9277A /* SceneDelegate.swift */,
				40E2D2F62C0771AD00F9277A /* ViewControllers */,
				40E2D2E82C07695F00F9277A /* Main.storyboard */,
				40E2D2EB2C07696100F9277A /* Assets.xcassets */,
				40E2D2ED2C07696100F9277A /* LaunchScreen.storyboard */,
				40E2D2F02C07696100F9277A /* Info.plist */,
			);
			path = geoFencingTask;
			sourceTree = "<group>";
		};
		40E2D2F62C0771AD00F9277A /* ViewControllers */ = {
			isa = PBXGroup;
			children = (
				40E2D2E62C07695F00F9277A /* MainViewController.swift */,
				40E2D2F72C0771C600F9277A /* GeoFencingViewController.swift */,
			);
			path = ViewControllers;
			sourceTree = "<group>";
		};
		40E2D2F92C077A8300F9277A /* Helper */ = {
			isa = PBXGroup;
			children = (
				40E2D2FA2C077A8A00F9277A /* DwellTimeCalculator.swift */,
			);
			path = Helper;
			sourceTree = "<group>";
		};
/* End PBXGroup section */

/* Begin PBXNativeTarget section */
		40E2D2DE2C07695F00F9277A /* geoFencingTask */ = {
			isa = PBXNativeTarget;
			buildConfigurationList = 40E2D2F32C07696100F9277A /* Build configuration list for PBXNativeTarget "geoFencingTask" */;
			buildPhases = (
				40E2D2DB2C07695F00F9277A /* Sources */,
				40E2D2DC2C07695F00F9277A /* Frameworks */,
				40E2D2DD2C07695F00F9277A /* Resources */,
			);
			buildRules = (
			);
			dependencies = (
			);
			name = geoFencingTask;
			productName = geoFencingTask;
			productReference = 40E2D2DF2C07695F00F9277A /* geoFencingTask.app */;
			productType = "com.apple.product-type.application";
		};
/* End PBXNativeTarget section */

/* Begin PBXProject section */
		40E2D2D72C07695F00F9277A /* Project object */ = {
			isa = PBXProject;
			attributes = {
				BuildIndependentTargetsInParallel = 1;
				LastSwiftUpdateCheck = 1540;
				LastUpgradeCheck = 1540;
				TargetAttributes = {
					40E2D2DE2C07695F00F9277A = {
						CreatedOnToolsVersion = 15.4;
					};
				};
			};
			buildConfigurationList = 40E2D2DA2C07695F00F9277A /* Build configuration list for PBXProject "geoFencingTask" */;
			compatibilityVersion = "Xcode 14.0";
			developmentRegion = en;
			hasScannedForEncodings = 0;
			knownRegions = (
				en,
				Base,
			);
			mainGroup = 40E2D2D62C07695F00F9277A;
			productRefGroup = 40E2D2E02C07695F00F9277A /* Products */;
			projectDirPath = "";
			projectRoot = "";
			targets = (
				40E2D2DE2C07695F00F9277A /* geoFencingTask */,
			);
		};
/* End PBXProject section */

/* Begin PBXResourcesBuildPhase section */
		40E2D2DD2C07695F00F9277A /* Resources */ = {
			isa = PBXResourcesBuildPhase;
			buildActionMask = 2147483647;
			files = (
				40E2D2EC2C07696100F9277A /* Assets.xcassets in Resources */,
				40E2D2EF2C07696100F9277A /* Base in Resources */,
				40E2D2EA2C07695F00F9277A /* Base in Resources */,
			);
			runOnlyForDeploymentPostprocessing = 0;
		};
/* End PBXResourcesBuildPhase section */

/* Begin PBXSourcesBuildPhase section */
		40E2D2DB2C07695F00F9277A /* Sources */ = {
			isa = PBXSourcesBuildPhase;
			buildActionMask = 2147483647;
			files = (
				40E2D2FB2C077A8A00F9277A /* DwellTimeCalculator.swift in Sources */,
				40E2D2E72C07695F00F9277A /* MainViewController.swift in Sources */,
				40E2D2F82C0771C600F9277A /* GeoFencingViewController.swift in Sources */,
				40E2D2E32C07695F00F9277A /* AppDelegate.swift in Sources */,
				40E2D2E52C07695F00F9277A /* SceneDelegate.swift in Sources */,
			);
			runOnlyForDeploymentPostprocessing = 0;
		};
/* End PBXSourcesBuildPhase section */

/* Begin PBXVariantGroup section */
		40E2D2E82C07695F00F9277A /* Main.storyboard */ = {
			isa = PBXVariantGroup;
			children = (
				40E2D2E92C07695F00F9277A /* Base */,
			);
			name = Main.storyboard;
			sourceTree = "<group>";
		};
		40E2D2ED2C07696100F9277A /* LaunchScreen.storyboard */ = {
			isa = PBXVariantGroup;
			children = (
				40E2D2EE2C07696100F9277A /* Base */,
			);
			name = LaunchScreen.storyboard;
			sourceTree = "<group>";
		};
/* End PBXVariantGroup section */

/* Begin XCBuildConfiguration section */
		40E2D2F12C07696100F9277A /* Debug */ = {
			isa = XCBuildConfiguration;
			buildSettings = {
				ALWAYS_SEARCH_USER_PATHS = NO;
				ASSETCATALOG_COMPILER_GENERATE_SWIFT_ASSET_SYMBOL_EXTENSIONS = YES;
				CLANG_ANALYZER_NONNULL = YES;
				CLANG_ANALYZER_NUMBER_OBJECT_CONVERSION = YES_AGGRESSIVE;
				CLANG_CXX_LANGUAGE_STANDARD = "gnu++20";
				CLANG_ENABLE_MODULES = YES;
				CLANG_ENABLE_OBJC_ARC = YES;
				CLANG_ENABLE_OBJC_WEAK = YES;
				CLANG_WARN_BLOCK_CAPTURE_AUTORELEASING = YES;
				CLANG_WARN_BOOL_CONVERSION = YES;
				CLANG_WARN_COMMA = YES;
				CLANG_WARN_CONSTANT_CONVERSION = YES;
				CLANG_WARN_DEPRECATED_OBJC_IMPLEMENTATIONS = YES;
				CLANG_WARN_DIRECT_OBJC_ISA_USAGE = YES_ERROR;
				CLANG_WARN_DOCUMENTATION_COMMENTS = YES;
				CLANG_WARN_EMPTY_BODY = YES;
				CLANG_WARN_ENUM_CONVERSION = YES;
				CLANG_WARN_INFINITE_RECURSION = YES;
				CLANG_WARN_INT_CONVERSION = YES;
				CLANG_WARN_NON_LITERAL_NULL_CONVERSION = YES;
				CLANG_WARN_OBJC_IMPLICIT_RETAIN_SELF = YES;
				CLANG_WARN_OBJC_LITERAL_CONVERSION = YES;
				CLANG_WARN_OBJC_ROOT_CLASS = YES_ERROR;
				CLANG_WARN_QUOTED_INCLUDE_IN_FRAMEWORK_HEADER = YES;
				CLANG_WARN_RANGE_LOOP_ANALYSIS = YES;
				CLANG_WARN_STRICT_PROTOTYPES = YES;
				CLANG_WARN_SUSPICIOUS_MOVE = YES;
				CLANG_WARN_UNGUARDED_AVAILABILITY = YES_AGGRESSIVE;
				CLANG_WARN_UNREACHABLE_CODE = YES;
				CLANG_WARN__DUPLICATE_METHOD_MATCH = YES;
				COPY_PHASE_STRIP = NO;
				DEBUG_INFORMATION_FORMAT = dwarf;
				ENABLE_STRICT_OBJC_MSGSEND = YES;
				ENABLE_TESTABILITY = YES;
				ENABLE_USER_SCRIPT_SANDBOXING = YES;
				GCC_C_LANGUAGE_STANDARD = gnu17;
				GCC_DYNAMIC_NO_PIC = NO;
				GCC_NO_COMMON_BLOCKS = YES;
				GCC_OPTIMIZATION_LEVEL = 0;
				GCC_PREPROCESSOR_DEFINITIONS = (
					"DEBUG=1",
					"$(inherited)",
				);
				GCC_WARN_64_TO_32_BIT_CONVERSION = YES;
				GCC_WARN_ABOUT_RETURN_TYPE = YES_ERROR;
				GCC_WARN_UNDECLARED_SELECTOR = YES;
				GCC_WARN_UNINITIALIZED_AUTOS = YES_AGGRESSIVE;
				GCC_WARN_UNUSED_FUNCTION = YES;
				GCC_WARN_UNUSED_VARIABLE = YES;
				IPHONEOS_DEPLOYMENT_TARGET = 17.5;
				LOCALIZATION_PREFERS_STRING_CATALOGS = YES;
				MTL_ENABLE_DEBUG_INFO = INCLUDE_SOURCE;
				MTL_FAST_MATH = YES;
				ONLY_ACTIVE_ARCH = YES;
				SDKROOT = iphoneos;
				SWIFT_ACTIVE_COMPILATION_CONDITIONS = "DEBUG $(inherited)";
				SWIFT_OPTIMIZATION_LEVEL = "-Onone";
			};
			name = Debug;
		};
		40E2D2F22C07696100F9277A /* Release */ = {
			isa = XCBuildConfiguration;
			buildSettings = {
				ALWAYS_SEARCH_USER_PATHS = NO;
				ASSETCATALOG_COMPILER_GENERATE_SWIFT_ASSET_SYMBOL_EXTENSIONS = YES;
				CLANG_ANALYZER_NONNULL = YES;
				CLANG_ANALYZER_NUMBER_OBJECT_CONVERSION = YES_AGGRESSIVE;
				CLANG_CXX_LANGUAGE_STANDARD = "gnu++20";
				CLANG_ENABLE_MODULES = YES;
				CLANG_ENABLE_OBJC_ARC = YES;
				CLANG_ENABLE_OBJC_WEAK = YES;
				CLANG_WARN_BLOCK_CAPTURE_AUTORELEASING = YES;
				CLANG_WARN_BOOL_CONVERSION = YES;
				CLANG_WARN_COMMA = YES;
				CLANG_WARN_CONSTANT_CONVERSION = YES;
				CLANG_WARN_DEPRECATED_OBJC_IMPLEMENTATIONS = YES;
				CLANG_WARN_DIRECT_OBJC_ISA_USAGE = YES_ERROR;
				CLANG_WARN_DOCUMENTATION_COMMENTS = YES;
				CLANG_WARN_EMPTY_BODY = YES;
				CLANG_WARN_ENUM_CONVERSION = YES;
				CLANG_WARN_INFINITE_RECURSION = YES;
				CLANG_WARN_INT_CONVERSION = YES;
				CLANG_WARN_NON_LITERAL_NULL_CONVERSION = YES;
				CLANG_WARN_OBJC_IMPLICIT_RETAIN_SELF = YES;
				CLANG_WARN_OBJC_LITERAL_CONVERSION = YES;
				CLANG_WARN_OBJC_ROOT_CLASS = YES_ERROR;
				CLANG_WARN_QUOTED_INCLUDE_IN_FRAMEWORK_HEADER = YES;
				CLANG_WARN_RANGE_LOOP_ANALYSIS = YES;
				CLANG_WARN_STRICT_PROTOTYPES = YES;
				CLANG_WARN_SUSPICIOUS_MOVE = YES;
				CLANG_WARN_UNGUARDED_AVAILABILITY = YES_AGGRESSIVE;
				CLANG_WARN_UNREACHABLE_CODE = YES;
				CLANG_WARN__DUPLICATE_METHOD_MATCH = YES;
				COPY_PHASE_STRIP = NO;
				DEBUG_INFORMATION_FORMAT = "dwarf-with-dsym";
				ENABLE_NS_ASSERTIONS = NO;
				ENABLE_STRICT_OBJC_MSGSEND = YES;
				ENABLE_USER_SCRIPT_SANDBOXING = YES;
				GCC_C_LANGUAGE_STANDARD = gnu17;
				GCC_NO_COMMON_BLOCKS = YES;
				GCC_WARN_64_TO_32_BIT_CONVERSION = YES;
				GCC_WARN_ABOUT_RETURN_TYPE = YES_ERROR;
				GCC_WARN_UNDECLARED_SELECTOR = YES;
				GCC_WARN_UNINITIALIZED_AUTOS = YES_AGGRESSIVE;
				GCC_WARN_UNUSED_FUNCTION = YES;
				GCC_WARN_UNUSED_VARIABLE = YES;
				IPHONEOS_DEPLOYMENT_TARGET = 17.5;
				LOCALIZATION_PREFERS_STRING_CATALOGS = YES;
				MTL_ENABLE_DEBUG_INFO = NO;
				MTL_FAST_MATH = YES;
				SDKROOT = iphoneos;
				SWIFT_COMPILATION_MODE = wholemodule;
				VALIDATE_PRODUCT = YES;
			};
			name = Release;
		};
		40E2D2F42C07696100F9277A /* Debug */ = {
			isa = XCBuildConfiguration;
			buildSettings = {
				ASSETCATALOG_COMPILER_APPICON_NAME = AppIcon;
				ASSETCATALOG_COMPILER_GLOBAL_ACCENT_COLOR_NAME = AccentColor;
				CODE_SIGN_STYLE = Automatic;
				CURRENT_PROJECT_VERSION = 1;
				DEVELOPMENT_TEAM = 6M437BA2CD;
				GENERATE_INFOPLIST_FILE = YES;
				INFOPLIST_FILE = geoFencingTask/Info.plist;
				INFOPLIST_KEY_UIApplicationSupportsIndirectInputEvents = YES;
				INFOPLIST_KEY_UILaunchStoryboardName = LaunchScreen;
				INFOPLIST_KEY_UISupportedInterfaceOrientations_iPad = "UIInterfaceOrientationPortrait UIInterfaceOrientationPortraitUpsideDown UIInterfaceOrientationLandscapeLeft UIInterfaceOrientationLandscapeRight";
				INFOPLIST_KEY_UISupportedInterfaceOrientations_iPhone = "UIInterfaceOrientationPortrait UIInterfaceOrientationLandscapeLeft UIInterfaceOrientationLandscapeRight";
				LD_RUNPATH_SEARCH_PATHS = (
					"$(inherited)",
					"@executable_path/Frameworks",
				);
				MARKETING_VERSION = 1.0;
				PRODUCT_BUNDLE_IDENTIFIER = com.Ahtazaz.geoFencingTask;
				PRODUCT_NAME = "$(TARGET_NAME)";
				SWIFT_EMIT_LOC_STRINGS = YES;
				SWIFT_VERSION = 5.0;
				TARGETED_DEVICE_FAMILY = "1,2";
			};
			name = Debug;
		};
		40E2D2F52C07696100F9277A /* Release */ = {
			isa = XCBuildConfiguration;
			buildSettings = {
				ASSETCATALOG_COMPILER_APPICON_NAME = AppIcon;
				ASSETCATALOG_COMPILER_GLOBAL_ACCENT_COLOR_NAME = AccentColor;
				CODE_SIGN_STYLE = Automatic;
				CURRENT_PROJECT_VERSION = 1;
				DEVELOPMENT_TEAM = 6M437BA2CD;
				GENERATE_INFOPLIST_FILE = YES;
				INFOPLIST_FILE = geoFencingTask/Info.plist;
				INFOPLIST_KEY_UIApplicationSupportsIndirectInputEvents = YES;
				INFOPLIST_KEY_UILaunchStoryboardName = LaunchScreen;
				INFOPLIST_KEY_UISupportedInterfaceOrientations_iPad = "UIInterfaceOrientationPortrait UIInterfaceOrientationPortraitUpsideDown UIInterfaceOrientationLandscapeLeft UIInterfaceOrientationLandscapeRight";
				INFOPLIST_KEY_UISupportedInterfaceOrientations_iPhone = "UIInterfaceOrientationPortrait UIInterfaceOrientationLandscapeLeft UIInterfaceOrientationLandscapeRight";
				LD_RUNPATH_SEARCH_PATHS = (
					"$(inherited)",
					"@executable_path/Frameworks",
				);
				MARKETING_VERSION = 1.0;
				PRODUCT_BUNDLE_IDENTIFIER = com.Ahtazaz.geoFencingTask;
				PRODUCT_NAME = "$(TARGET_NAME)";
				SWIFT_EMIT_LOC_STRINGS = YES;
				SWIFT_VERSION = 5.0;
				TARGETED_DEVICE_FAMILY = "1,2";
			};
			name = Release;
		};
/* End XCBuildConfiguration section */

/* Begin XCConfigurationList section */
		40E2D2DA2C07695F00F9277A /* Build configuration list for PBXProject "geoFencingTask" */ = {
			isa = XCConfigurationList;
			buildConfigurations = (
				40E2D2F12C07696100F9277A /* Debug */,
				40E2D2F22C07696100F9277A /* Release */,
			);
			defaultConfigurationIsVisible = 0;
			defaultConfigurationName = Release;
		};
		40E2D2F32C07696100F9277A /* Build configuration list for PBXNativeTarget "geoFencingTask" */ = {
			isa = XCConfigurationList;
			buildConfigurations = (
				40E2D2F42C07696100F9277A /* Debug */,
				40E2D2F52C07696100F9277A /* Release */,
			);
			defaultConfigurationIsVisible = 0;
			defaultConfigurationName = Release;
		};
/* End XCConfigurationList section */
	};
	rootObject = 40E2D2D72C07695F00F9277A /* Project object */;
}
